
Microsoft Visual Studio Solution File, Format Version 12.00
# Visual Studio Version 17
VisualStudioVersion = 17.4.33122.133
MinimumVisualStudioVersion = 10.0.40219.1
Project("{FAE04EC0-301F-11D3-BF4B-00C04F79EFBC}") = "Deliverable2", "Deliverable2\Deliverable2.csproj", "{AD7D42B5-E7E0-4775-B782-2C93A73CC92D}"
EndProject
Global
	GlobalSection(SolutionConfigurationPlatforms) = preSolution
		Debug|Any CPU = Debug|Any CPU
		Release|Any CPU = Release|Any CPU
	EndGlobalSection
	GlobalSection(ProjectConfigurationPlatforms) = postSolution
		{AD7D42B5-E7E0-4775-B782-2C93A73CC92D}.Debug|Any CPU.ActiveCfg = Debug|Any CPU
		{AD7D42B5-E7E0-4775-B782-2C93A73CC92D}.Debug|Any CPU.Build.0 = Debug|Any CPU
		{AD7D42B5-E7E0-4775-B782-2C93A73CC92D}.Release|Any CPU.ActiveCfg = Release|Any CPU
		{AD7D42B5-E7E0-4775-B782-2C93A73CC92D}.Release|Any CPU.Build.0 = Release|Any CPU
	EndGlobalSection
	GlobalSection(SolutionProperties) = preSolution
		HideSolutionNode = FALSE
	EndGlobalSection
	GlobalSection(ExtensibilityGlobals) = postSolution
		SolutionGuid = {D6A571D4-1307-4D2D-A11E-DA2444D570AD}
	EndGlobalSection
EndGlobal
